
Microsoft Visual Studio Solution File, Format Version 12.00
# Visual Studio 15
VisualStudioVersion = 15.0.28010.2046
MinimumVisualStudioVersion = 10.0.40219.1
Project("{FAE04EC0-301F-11D3-BF4B-00C04F79EFBC}") = "C.Android", "C\C.Android\C.Android.csproj", "{344C493B-CC3E-4F45-9EBE-D9235BD0AEDE}"
EndProject
Project("{FAE04EC0-301F-11D3-BF4B-00C04F79EFBC}") = "C.iOS", "C\C.iOS\C.iOS.csproj", "{FAEEA266-70DE-4423-95BC-1878BB296075}"
EndProject
Project("{FAE04EC0-301F-11D3-BF4B-00C04F79EFBC}") = "C", "C\C\C.csproj", "{9F3D5D99-708E-48CF-9D44-23AD1D4EEB85}"
EndProject
Project("{F2A71F9B-5D33-465A-A702-920D77279786}") = "F.Android", "F.Android\F.Android.fsproj", "{FEA05E22-D83A-45C0-90F4-B8EE0A8F091D}"
EndProject
Project("{F2A71F9B-5D33-465A-A702-920D77279786}") = "F.iOS", "F.iOS\F.iOS.fsproj", "{F768AA89-3978-49C3-9BC4-206F697EFF77}"
EndProject
Project("{F2A71F9B-5D33-465A-A702-920D77279786}") = "F", "F\F.fsproj", "{52F29A30-6D1E-4ECC-A75B-0C6ADC8FDD61}"
EndProject
Global
	GlobalSection(SolutionConfigurationPlatforms) = preSolution
		Ad-Hoc|Any CPU = Ad-Hoc|Any CPU
		Ad-Hoc|iPhone = Ad-Hoc|iPhone
		Ad-Hoc|iPhoneSimulator = Ad-Hoc|iPhoneSimulator
		AppStore|Any CPU = AppStore|Any CPU
		AppStore|iPhone = AppStore|iPhone
		AppStore|iPhoneSimulator = AppStore|iPhoneSimulator
		Debug|Any CPU = Debug|Any CPU
		Debug|iPhone = Debug|iPhone
		Debug|iPhoneSimulator = Debug|iPhoneSimulator
		Release|Any CPU = Release|Any CPU
		Release|iPhone = Release|iPhone
		Release|iPhoneSimulator = Release|iPhoneSimulator
	EndGlobalSection
	GlobalSection(ProjectConfigurationPlatforms) = postSolution
		{344C493B-CC3E-4F45-9EBE-D9235BD0AEDE}.Ad-Hoc|Any CPU.ActiveCfg = Release|Any CPU
		{344C493B-CC3E-4F45-9EBE-D9235BD0AEDE}.Ad-Hoc|Any CPU.Build.0 = Release|Any CPU
		{344C493B-CC3E-4F45-9EBE-D9235BD0AEDE}.Ad-Hoc|Any CPU.Deploy.0 = Release|Any CPU
		{344C493B-CC3E-4F45-9EBE-D9235BD0AEDE}.Ad-Hoc|iPhone.ActiveCfg = Release|Any CPU
		{344C493B-CC3E-4F45-9EBE-D9235BD0AEDE}.Ad-Hoc|iPhone.Build.0 = Release|Any CPU
		{344C493B-CC3E-4F45-9EBE-D9235BD0AEDE}.Ad-Hoc|iPhone.Deploy.0 = Release|Any CPU
		{344C493B-CC3E-4F45-9EBE-D9235BD0AEDE}.Ad-Hoc|iPhoneSimulator.ActiveCfg = Release|Any CPU
		{344C493B-CC3E-4F45-9EBE-D9235BD0AEDE}.Ad-Hoc|iPhoneSimulator.Build.0 = Release|Any CPU
		{344C493B-CC3E-4F45-9EBE-D9235BD0AEDE}.Ad-Hoc|iPhoneSimulator.Deploy.0 = Release|Any CPU
		{344C493B-CC3E-4F45-9EBE-D9235BD0AEDE}.AppStore|Any CPU.ActiveCfg = Release|Any CPU
		{344C493B-CC3E-4F45-9EBE-D9235BD0AEDE}.AppStore|Any CPU.Build.0 = Release|Any CPU
		{344C493B-CC3E-4F45-9EBE-D9235BD0AEDE}.AppStore|Any CPU.Deploy.0 = Release|Any CPU
		{344C493B-CC3E-4F45-9EBE-D9235BD0AEDE}.AppStore|iPhone.ActiveCfg = Release|Any CPU
		{344C493B-CC3E-4F45-9EBE-D9235BD0AEDE}.AppStore|iPhone.Build.0 = Release|Any CPU
		{344C493B-CC3E-4F45-9EBE-D9235BD0AEDE}.AppStore|iPhone.Deploy.0 = Release|Any CPU
		{344C493B-CC3E-4F45-9EBE-D9235BD0AEDE}.AppStore|iPhoneSimulator.ActiveCfg = Release|Any CPU
		{344C493B-CC3E-4F45-9EBE-D9235BD0AEDE}.AppStore|iPhoneSimulator.Build.0 = Release|Any CPU
		{344C493B-CC3E-4F45-9EBE-D9235BD0AEDE}.AppStore|iPhoneSimulator.Deploy.0 = Release|Any CPU
		{344C493B-CC3E-4F45-9EBE-D9235BD0AEDE}.Debug|Any CPU.ActiveCfg = Debug|Any CPU
		{344C493B-CC3E-4F45-9EBE-D9235BD0AEDE}.Debug|Any CPU.Build.0 = Debug|Any CPU
		{344C493B-CC3E-4F45-9EBE-D9235BD0AEDE}.Debug|Any CPU.Deploy.0 = Debug|Any CPU
		{344C493B-CC3E-4F45-9EBE-D9235BD0AEDE}.Debug|iPhone.ActiveCfg = Debug|Any CPU
		{344C493B-CC3E-4F45-9EBE-D9235BD0AEDE}.Debug|iPhone.Build.0 = Debug|Any CPU
		{344C493B-CC3E-4F45-9EBE-D9235BD0AEDE}.Debug|iPhone.Deploy.0 = Debug|Any CPU
		{344C493B-CC3E-4F45-9EBE-D9235BD0AEDE}.Debug|iPhoneSimulator.ActiveCfg = Debug|Any CPU
		{344C493B-CC3E-4F45-9EBE-D9235BD0AEDE}.Debug|iPhoneSimulator.Build.0 = Debug|Any CPU
		{344C493B-CC3E-4F45-9EBE-D9235BD0AEDE}.Debug|iPhoneSimulator.Deploy.0 = Debug|Any CPU
		{344C493B-CC3E-4F45-9EBE-D9235BD0AEDE}.Release|Any CPU.ActiveCfg = Release|Any CPU
		{344C493B-CC3E-4F45-9EBE-D9235BD0AEDE}.Release|Any CPU.Build.0 = Release|Any CPU
		{344C493B-CC3E-4F45-9EBE-D9235BD0AEDE}.Release|Any CPU.Deploy.0 = Release|Any CPU
		{344C493B-CC3E-4F45-9EBE-D9235BD0AEDE}.Release|iPhone.ActiveCfg = Release|Any CPU
		{344C493B-CC3E-4F45-9EBE-D9235BD0AEDE}.Release|iPhone.Build.0 = Release|Any CPU
		{344C493B-CC3E-4F45-9EBE-D9235BD0AEDE}.Release|iPhone.Deploy.0 = Release|Any CPU
		{344C493B-CC3E-4F45-9EBE-D9235BD0AEDE}.Release|iPhoneSimulator.ActiveCfg = Release|Any CPU
		{344C493B-CC3E-4F45-9EBE-D9235BD0AEDE}.Release|iPhoneSimulator.Build.0 = Release|Any CPU
		{344C493B-CC3E-4F45-9EBE-D9235BD0AEDE}.Release|iPhoneSimulator.Deploy.0 = Release|Any CPU
		{FAEEA266-70DE-4423-95BC-1878BB296075}.Ad-Hoc|Any CPU.ActiveCfg = Ad-Hoc|iPhone
		{FAEEA266-70DE-4423-95BC-1878BB296075}.Ad-Hoc|Any CPU.Build.0 = Ad-Hoc|iPhone
		{FAEEA266-70DE-4423-95BC-1878BB296075}.Ad-Hoc|Any CPU.Deploy.0 = Ad-Hoc|iPhone
		{FAEEA266-70DE-4423-95BC-1878BB296075}.Ad-Hoc|iPhone.ActiveCfg = Ad-Hoc|iPhone
		{FAEEA266-70DE-4423-95BC-1878BB296075}.Ad-Hoc|iPhone.Build.0 = Ad-Hoc|iPhone
		{FAEEA266-70DE-4423-95BC-1878BB296075}.Ad-Hoc|iPhone.Deploy.0 = Ad-Hoc|iPhone
		{FAEEA266-70DE-4423-95BC-1878BB296075}.Ad-Hoc|iPhoneSimulator.ActiveCfg = Ad-Hoc|iPhoneSimulator
		{FAEEA266-70DE-4423-95BC-1878BB296075}.Ad-Hoc|iPhoneSimulator.Build.0 = Ad-Hoc|iPhoneSimulator
		{FAEEA266-70DE-4423-95BC-1878BB296075}.Ad-Hoc|iPhoneSimulator.Deploy.0 = Ad-Hoc|iPhoneSimulator
		{FAEEA266-70DE-4423-95BC-1878BB296075}.AppStore|Any CPU.ActiveCfg = AppStore|iPhone
		{FAEEA266-70DE-4423-95BC-1878BB296075}.AppStore|Any CPU.Build.0 = AppStore|iPhone
		{FAEEA266-70DE-4423-95BC-1878BB296075}.AppStore|Any CPU.Deploy.0 = AppStore|iPhone
		{FAEEA266-70DE-4423-95BC-1878BB296075}.AppStore|iPhone.ActiveCfg = AppStore|iPhone
		{FAEEA266-70DE-4423-95BC-1878BB296075}.AppStore|iPhone.Build.0 = AppStore|iPhone
		{FAEEA266-70DE-4423-95BC-1878BB296075}.AppStore|iPhone.Deploy.0 = AppStore|iPhone
		{FAEEA266-70DE-4423-95BC-1878BB296075}.AppStore|iPhoneSimulator.ActiveCfg = AppStore|iPhoneSimulator
		{FAEEA266-70DE-4423-95BC-1878BB296075}.AppStore|iPhoneSimulator.Build.0 = AppStore|iPhoneSimulator
		{FAEEA266-70DE-4423-95BC-1878BB296075}.AppStore|iPhoneSimulator.Deploy.0 = AppStore|iPhoneSimulator
		{FAEEA266-70DE-4423-95BC-1878BB296075}.Debug|Any CPU.ActiveCfg = Debug|iPhoneSimulator
		{FAEEA266-70DE-4423-95BC-1878BB296075}.Debug|Any CPU.Build.0 = Debug|iPhoneSimulator
		{FAEEA266-70DE-4423-95BC-1878BB296075}.Debug|Any CPU.Deploy.0 = Debug|iPhoneSimulator
		{FAEEA266-70DE-4423-95BC-1878BB296075}.Debug|iPhone.ActiveCfg = Debug|iPhone
		{FAEEA266-70DE-4423-95BC-1878BB296075}.Debug|iPhone.Build.0 = Debug|iPhone
		{FAEEA266-70DE-4423-95BC-1878BB296075}.Debug|iPhone.Deploy.0 = Debug|iPhone
		{FAEEA266-70DE-4423-95BC-1878BB296075}.Debug|iPhoneSimulator.ActiveCfg = Debug|iPhoneSimulator
		{FAEEA266-70DE-4423-95BC-1878BB296075}.Debug|iPhoneSimulator.Build.0 = Debug|iPhoneSimulator
		{FAEEA266-70DE-4423-95BC-1878BB296075}.Debug|iPhoneSimulator.Deploy.0 = Debug|iPhoneSimulator
		{FAEEA266-70DE-4423-95BC-1878BB296075}.Release|Any CPU.ActiveCfg = Release|iPhone
		{FAEEA266-70DE-4423-95BC-1878BB296075}.Release|Any CPU.Build.0 = Release|iPhone
		{FAEEA266-70DE-4423-95BC-1878BB296075}.Release|Any CPU.Deploy.0 = Release|iPhone
		{FAEEA266-70DE-4423-95BC-1878BB296075}.Release|iPhone.ActiveCfg = Release|iPhone
		{FAEEA266-70DE-4423-95BC-1878BB296075}.Release|iPhone.Build.0 = Release|iPhone
		{FAEEA266-70DE-4423-95BC-1878BB296075}.Release|iPhone.Deploy.0 = Release|iPhone
		{FAEEA266-70DE-4423-95BC-1878BB296075}.Release|iPhoneSimulator.ActiveCfg = Release|iPhoneSimulator
		{FAEEA266-70DE-4423-95BC-1878BB296075}.Release|iPhoneSimulator.Build.0 = Release|iPhoneSimulator
		{FAEEA266-70DE-4423-95BC-1878BB296075}.Release|iPhoneSimulator.Deploy.0 = Release|iPhoneSimulator
		{9F3D5D99-708E-48CF-9D44-23AD1D4EEB85}.Ad-Hoc|Any CPU.ActiveCfg = Debug|Any CPU
		{9F3D5D99-708E-48CF-9D44-23AD1D4EEB85}.Ad-Hoc|Any CPU.Build.0 = Debug|Any CPU
		{9F3D5D99-708E-48CF-9D44-23AD1D4EEB85}.Ad-Hoc|Any CPU.Deploy.0 = Debug|Any CPU
		{9F3D5D99-708E-48CF-9D44-23AD1D4EEB85}.Ad-Hoc|iPhone.ActiveCfg = Debug|Any CPU
		{9F3D5D99-708E-48CF-9D44-23AD1D4EEB85}.Ad-Hoc|iPhone.Build.0 = Debug|Any CPU
		{9F3D5D99-708E-48CF-9D44-23AD1D4EEB85}.Ad-Hoc|iPhone.Deploy.0 = Debug|Any CPU
		{9F3D5D99-708E-48CF-9D44-23AD1D4EEB85}.Ad-Hoc|iPhoneSimulator.ActiveCfg = Debug|Any CPU
		{9F3D5D99-708E-48CF-9D44-23AD1D4EEB85}.Ad-Hoc|iPhoneSimulator.Build.0 = Debug|Any CPU
		{9F3D5D99-708E-48CF-9D44-23AD1D4EEB85}.Ad-Hoc|iPhoneSimulator.Deploy.0 = Debug|Any CPU
		{9F3D5D99-708E-48CF-9D44-23AD1D4EEB85}.AppStore|Any CPU.ActiveCfg = Debug|Any CPU
		{9F3D5D99-708E-48CF-9D44-23AD1D4EEB85}.AppStore|Any CPU.Build.0 = Debug|Any CPU
		{9F3D5D99-708E-48CF-9D44-23AD1D4EEB85}.AppStore|Any CPU.Deploy.0 = Debug|Any CPU
		{9F3D5D99-708E-48CF-9D44-23AD1D4EEB85}.AppStore|iPhone.ActiveCfg = Debug|Any CPU
		{9F3D5D99-708E-48CF-9D44-23AD1D4EEB85}.AppStore|iPhone.Build.0 = Debug|Any CPU
		{9F3D5D99-708E-48CF-9D44-23AD1D4EEB85}.AppStore|iPhone.Deploy.0 = Debug|Any CPU
		{9F3D5D99-708E-48CF-9D44-23AD1D4EEB85}.AppStore|iPhoneSimulator.ActiveCfg = Debug|Any CPU
		{9F3D5D99-708E-48CF-9D44-23AD1D4EEB85}.AppStore|iPhoneSimulator.Build.0 = Debug|Any CPU
		{9F3D5D99-708E-48CF-9D44-23AD1D4EEB85}.AppStore|iPhoneSimulator.Deploy.0 = Debug|Any CPU
		{9F3D5D99-708E-48CF-9D44-23AD1D4EEB85}.Debug|Any CPU.ActiveCfg = Debug|Any CPU
		{9F3D5D99-708E-48CF-9D44-23AD1D4EEB85}.Debug|Any CPU.Build.0 = Debug|Any CPU
		{9F3D5D99-708E-48CF-9D44-23AD1D4EEB85}.Debug|Any CPU.Deploy.0 = Debug|Any CPU
		{9F3D5D99-708E-48CF-9D44-23AD1D4EEB85}.Debug|iPhone.ActiveCfg = Debug|Any CPU
		{9F3D5D99-708E-48CF-9D44-23AD1D4EEB85}.Debug|iPhone.Build.0 = Debug|Any CPU
		{9F3D5D99-708E-48CF-9D44-23AD1D4EEB85}.Debug|iPhone.Deploy.0 = Debug|Any CPU
		{9F3D5D99-708E-48CF-9D44-23AD1D4EEB85}.Debug|iPhoneSimulator.ActiveCfg = Debug|Any CPU
		{9F3D5D99-708E-48CF-9D44-23AD1D4EEB85}.Debug|iPhoneSimulator.Build.0 = Debug|Any CPU
		{9F3D5D99-708E-48CF-9D44-23AD1D4EEB85}.Debug|iPhoneSimulator.Deploy.0 = Debug|Any CPU
		{9F3D5D99-708E-48CF-9D44-23AD1D4EEB85}.Release|Any CPU.ActiveCfg = Release|Any CPU
		{9F3D5D99-708E-48CF-9D44-23AD1D4EEB85}.Release|Any CPU.Build.0 = Release|Any CPU
		{9F3D5D99-708E-48CF-9D44-23AD1D4EEB85}.Release|Any CPU.Deploy.0 = Release|Any CPU
		{9F3D5D99-708E-48CF-9D44-23AD1D4EEB85}.Release|iPhone.ActiveCfg = Release|Any CPU
		{9F3D5D99-708E-48CF-9D44-23AD1D4EEB85}.Release|iPhone.Build.0 = Release|Any CPU
		{9F3D5D99-708E-48CF-9D44-23AD1D4EEB85}.Release|iPhone.Deploy.0 = Release|Any CPU
		{9F3D5D99-708E-48CF-9D44-23AD1D4EEB85}.Release|iPhoneSimulator.ActiveCfg = Release|Any CPU
		{9F3D5D99-708E-48CF-9D44-23AD1D4EEB85}.Release|iPhoneSimulator.Build.0 = Release|Any CPU
		{9F3D5D99-708E-48CF-9D44-23AD1D4EEB85}.Release|iPhoneSimulator.Deploy.0 = Release|Any CPU
		{FEA05E22-D83A-45C0-90F4-B8EE0A8F091D}.Ad-Hoc|Any CPU.ActiveCfg = Release|Any CPU
		{FEA05E22-D83A-45C0-90F4-B8EE0A8F091D}.Ad-Hoc|Any CPU.Build.0 = Release|Any CPU
		{FEA05E22-D83A-45C0-90F4-B8EE0A8F091D}.Ad-Hoc|Any CPU.Deploy.0 = Release|Any CPU
		{FEA05E22-D83A-45C0-90F4-B8EE0A8F091D}.Ad-Hoc|iPhone.ActiveCfg = Release|Any CPU
		{FEA05E22-D83A-45C0-90F4-B8EE0A8F091D}.Ad-Hoc|iPhone.Build.0 = Release|Any CPU
		{FEA05E22-D83A-45C0-90F4-B8EE0A8F091D}.Ad-Hoc|iPhone.Deploy.0 = Release|Any CPU
		{FEA05E22-D83A-45C0-90F4-B8EE0A8F091D}.Ad-Hoc|iPhoneSimulator.ActiveCfg = Release|Any CPU
		{FEA05E22-D83A-45C0-90F4-B8EE0A8F091D}.Ad-Hoc|iPhoneSimulator.Build.0 = Release|Any CPU
		{FEA05E22-D83A-45C0-90F4-B8EE0A8F091D}.Ad-Hoc|iPhoneSimulator.Deploy.0 = Release|Any CPU
		{FEA05E22-D83A-45C0-90F4-B8EE0A8F091D}.AppStore|Any CPU.ActiveCfg = Release|Any CPU
		{FEA05E22-D83A-45C0-90F4-B8EE0A8F091D}.AppStore|Any CPU.Build.0 = Release|Any CPU
		{FEA05E22-D83A-45C0-90F4-B8EE0A8F091D}.AppStore|Any CPU.Deploy.0 = Release|Any CPU
		{FEA05E22-D83A-45C0-90F4-B8EE0A8F091D}.AppStore|iPhone.ActiveCfg = Release|Any CPU
		{FEA05E22-D83A-45C0-90F4-B8EE0A8F091D}.AppStore|iPhone.Build.0 = Release|Any CPU
		{FEA05E22-D83A-45C0-90F4-B8EE0A8F091D}.AppStore|iPhone.Deploy.0 = Release|Any CPU
		{FEA05E22-D83A-45C0-90F4-B8EE0A8F091D}.AppStore|iPhoneSimulator.ActiveCfg = Release|Any CPU
		{FEA05E22-D83A-45C0-90F4-B8EE0A8F091D}.AppStore|iPhoneSimulator.Build.0 = Release|Any CPU
		{FEA05E22-D83A-45C0-90F4-B8EE0A8F091D}.AppStore|iPhoneSimulator.Deploy.0 = Release|Any CPU
		{FEA05E22-D83A-45C0-90F4-B8EE0A8F091D}.Debug|Any CPU.ActiveCfg = Debug|Any CPU
		{FEA05E22-D83A-45C0-90F4-B8EE0A8F091D}.Debug|Any CPU.Build.0 = Debug|Any CPU
		{FEA05E22-D83A-45C0-90F4-B8EE0A8F091D}.Debug|Any CPU.Deploy.0 = Debug|Any CPU
		{FEA05E22-D83A-45C0-90F4-B8EE0A8F091D}.Debug|iPhone.ActiveCfg = Debug|Any CPU
		{FEA05E22-D83A-45C0-90F4-B8EE0A8F091D}.Debug|iPhone.Build.0 = Debug|Any CPU
		{FEA05E22-D83A-45C0-90F4-B8EE0A8F091D}.Debug|iPhone.Deploy.0 = Debug|Any CPU
		{FEA05E22-D83A-45C0-90F4-B8EE0A8F091D}.Debug|iPhoneSimulator.ActiveCfg = Debug|Any CPU
		{FEA05E22-D83A-45C0-90F4-B8EE0A8F091D}.Debug|iPhoneSimulator.Build.0 = Debug|Any CPU
		{FEA05E22-D83A-45C0-90F4-B8EE0A8F091D}.Debug|iPhoneSimulator.Deploy.0 = Debug|Any CPU
		{FEA05E22-D83A-45C0-90F4-B8EE0A8F091D}.Release|Any CPU.ActiveCfg = Release|Any CPU
		{FEA05E22-D83A-45C0-90F4-B8EE0A8F091D}.Release|Any CPU.Build.0 = Release|Any CPU
		{FEA05E22-D83A-45C0-90F4-B8EE0A8F091D}.Release|Any CPU.Deploy.0 = Release|Any CPU
		{FEA05E22-D83A-45C0-90F4-B8EE0A8F091D}.Release|iPhone.ActiveCfg = Release|Any CPU
		{FEA05E22-D83A-45C0-90F4-B8EE0A8F091D}.Release|iPhone.Build.0 = Release|Any CPU
		{FEA05E22-D83A-45C0-90F4-B8EE0A8F091D}.Release|iPhone.Deploy.0 = Release|Any CPU
		{FEA05E22-D83A-45C0-90F4-B8EE0A8F091D}.Release|iPhoneSimulator.ActiveCfg = Release|Any CPU
		{FEA05E22-D83A-45C0-90F4-B8EE0A8F091D}.Release|iPhoneSimulator.Build.0 = Release|Any CPU
		{FEA05E22-D83A-45C0-90F4-B8EE0A8F091D}.Release|iPhoneSimulator.Deploy.0 = Release|Any CPU
		{F768AA89-3978-49C3-9BC4-206F697EFF77}.Ad-Hoc|Any CPU.ActiveCfg = Release|iPhone
		{F768AA89-3978-49C3-9BC4-206F697EFF77}.Ad-Hoc|Any CPU.Build.0 = Release|iPhone
		{F768AA89-3978-49C3-9BC4-206F697EFF77}.Ad-Hoc|iPhone.ActiveCfg = Release|iPhone
		{F768AA89-3978-49C3-9BC4-206F697EFF77}.Ad-Hoc|iPhone.Build.0 = Release|iPhone
		{F768AA89-3978-49C3-9BC4-206F697EFF77}.Ad-Hoc|iPhoneSimulator.ActiveCfg = Release|iPhoneSimulator
		{F768AA89-3978-49C3-9BC4-206F697EFF77}.Ad-Hoc|iPhoneSimulator.Build.0 = Release|iPhoneSimulator
		{F768AA89-3978-49C3-9BC4-206F697EFF77}.AppStore|Any CPU.ActiveCfg = Release|iPhone
		{F768AA89-3978-49C3-9BC4-206F697EFF77}.AppStore|Any CPU.Build.0 = Release|iPhone
		{F768AA89-3978-49C3-9BC4-206F697EFF77}.AppStore|iPhone.ActiveCfg = Release|iPhone
		{F768AA89-3978-49C3-9BC4-206F697EFF77}.AppStore|iPhone.Build.0 = Release|iPhone
		{F768AA89-3978-49C3-9BC4-206F697EFF77}.AppStore|iPhoneSimulator.ActiveCfg = Release|iPhoneSimulator
		{F768AA89-3978-49C3-9BC4-206F697EFF77}.AppStore|iPhoneSimulator.Build.0 = Release|iPhoneSimulator
		{F768AA89-3978-49C3-9BC4-206F697EFF77}.Debug|Any CPU.ActiveCfg = Debug|iPhone
		{F768AA89-3978-49C3-9BC4-206F697EFF77}.Debug|iPhone.ActiveCfg = Debug|iPhone
		{F768AA89-3978-49C3-9BC4-206F697EFF77}.Debug|iPhone.Build.0 = Debug|iPhone
		{F768AA89-3978-49C3-9BC4-206F697EFF77}.Debug|iPhoneSimulator.ActiveCfg = Debug|iPhoneSimulator
		{F768AA89-3978-49C3-9BC4-206F697EFF77}.Debug|iPhoneSimulator.Build.0 = Debug|iPhoneSimulator
		{F768AA89-3978-49C3-9BC4-206F697EFF77}.Release|Any CPU.ActiveCfg = Release|iPhone
		{F768AA89-3978-49C3-9BC4-206F697EFF77}.Release|iPhone.ActiveCfg = Release|iPhone
		{F768AA89-3978-49C3-9BC4-206F697EFF77}.Release|iPhone.Build.0 = Release|iPhone
		{F768AA89-3978-49C3-9BC4-206F697EFF77}.Release|iPhoneSimulator.ActiveCfg = Release|iPhoneSimulator
		{F768AA89-3978-49C3-9BC4-206F697EFF77}.Release|iPhoneSimulator.Build.0 = Release|iPhoneSimulator
		{52F29A30-6D1E-4ECC-A75B-0C6ADC8FDD61}.Ad-Hoc|Any CPU.ActiveCfg = Debug|Any CPU
		{52F29A30-6D1E-4ECC-A75B-0C6ADC8FDD61}.Ad-Hoc|Any CPU.Build.0 = Debug|Any CPU
		{52F29A30-6D1E-4ECC-A75B-0C6ADC8FDD61}.Ad-Hoc|iPhone.ActiveCfg = Debug|Any CPU
		{52F29A30-6D1E-4ECC-A75B-0C6ADC8FDD61}.Ad-Hoc|iPhone.Build.0 = Debug|Any CPU
		{52F29A30-6D1E-4ECC-A75B-0C6ADC8FDD61}.Ad-Hoc|iPhoneSimulator.ActiveCfg = Debug|Any CPU
		{52F29A30-6D1E-4ECC-A75B-0C6ADC8FDD61}.Ad-Hoc|iPhoneSimulator.Build.0 = Debug|Any CPU
		{52F29A30-6D1E-4ECC-A75B-0C6ADC8FDD61}.AppStore|Any CPU.ActiveCfg = Debug|Any CPU
		{52F29A30-6D1E-4ECC-A75B-0C6ADC8FDD61}.AppStore|Any CPU.Build.0 = Debug|Any CPU
		{52F29A30-6D1E-4ECC-A75B-0C6ADC8FDD61}.AppStore|iPhone.ActiveCfg = Debug|Any CPU
		{52F29A30-6D1E-4ECC-A75B-0C6ADC8FDD61}.AppStore|iPhone.Build.0 = Debug|Any CPU
		{52F29A30-6D1E-4ECC-A75B-0C6ADC8FDD61}.AppStore|iPhoneSimulator.ActiveCfg = Debug|Any CPU
		{52F29A30-6D1E-4ECC-A75B-0C6ADC8FDD61}.AppStore|iPhoneSimulator.Build.0 = Debug|Any CPU
		{52F29A30-6D1E-4ECC-A75B-0C6ADC8FDD61}.Debug|Any CPU.ActiveCfg = Debug|Any CPU
		{52F29A30-6D1E-4ECC-A75B-0C6ADC8FDD61}.Debug|Any CPU.Build.0 = Debug|Any CPU
		{52F29A30-6D1E-4ECC-A75B-0C6ADC8FDD61}.Debug|iPhone.ActiveCfg = Debug|Any CPU
		{52F29A30-6D1E-4ECC-A75B-0C6ADC8FDD61}.Debug|iPhone.Build.0 = Debug|Any CPU
		{52F29A30-6D1E-4ECC-A75B-0C6ADC8FDD61}.Debug|iPhoneSimulator.ActiveCfg = Debug|Any CPU
		{52F29A30-6D1E-4ECC-A75B-0C6ADC8FDD61}.Debug|iPhoneSimulator.Build.0 = Debug|Any CPU
		{52F29A30-6D1E-4ECC-A75B-0C6ADC8FDD61}.Release|Any CPU.ActiveCfg = Release|Any CPU
		{52F29A30-6D1E-4ECC-A75B-0C6ADC8FDD61}.Release|Any CPU.Build.0 = Release|Any CPU
		{52F29A30-6D1E-4ECC-A75B-0C6ADC8FDD61}.Release|iPhone.ActiveCfg = Release|Any CPU
		{52F29A30-6D1E-4ECC-A75B-0C6ADC8FDD61}.Release|iPhone.Build.0 = Release|Any CPU
		{52F29A30-6D1E-4ECC-A75B-0C6ADC8FDD61}.Release|iPhoneSimulator.ActiveCfg = Release|Any CPU
		{52F29A30-6D1E-4ECC-A75B-0C6ADC8FDD61}.Release|iPhoneSimulator.Build.0 = Release|Any CPU
	EndGlobalSection
	GlobalSection(SolutionProperties) = preSolution
		HideSolutionNode = FALSE
	EndGlobalSection
	GlobalSection(ExtensibilityGlobals) = postSolution
		SolutionGuid = {741FA2DC-8F36-4A42-A306-A07F2FDFB136}
	EndGlobalSection
EndGlobal
